
Microsoft Visual Studio Solution File, Format Version 12.00
# Visual Studio 14
VisualStudioVersion = 14.0.25420.1
MinimumVisualStudioVersion = 10.0.40219.1
Project("{FAE04EC0-301F-11D3-BF4B-00C04F79EFBC}") = "asp-test", "asp-test\asp-test.csproj", "{750D1D75-A699-470B-8077-3D30EB8C9F51}"
EndProject
Global
	GlobalSection(SolutionConfigurationPlatforms) = preSolution
		Debug|Any CPU = Debug|Any CPU
		Release|Any CPU = Release|Any CPU
	EndGlobalSection
	GlobalSection(ProjectConfigurationPlatforms) = postSolution
		{750D1D75-A699-470B-8077-3D30EB8C9F51}.Debug|Any CPU.ActiveCfg = Debug|Any CPU
		{750D1D75-A699-470B-8077-3D30EB8C9F51}.Debug|Any CPU.Build.0 = Debug|Any CPU
		{750D1D75-A699-470B-8077-3D30EB8C9F51}.Release|Any CPU.ActiveCfg = Release|Any CPU
		{750D1D75-A699-470B-8077-3D30EB8C9F51}.Release|Any CPU.Build.0 = Release|Any CPU
	EndGlobalSection
	GlobalSection(SolutionProperties) = preSolution
		HideSolutionNode = FALSE
	EndGlobalSection
EndGlobal
